PODS:
  - CCUIModel (0.0.1):
    - CircleReferenceCheck
  - CircleReferenceCheck (0.0.1)
  - CollectionViewArray (0.1.1):
    - MutableArrayListener
  - HappyUI (0.1.3):
    - CCUIModel
    - CollectionViewArray
    - RealReachability
    - TableViewArray
    - TaskEnginer
  - MutableArrayListener (0.1.0):
    - CircleReferenceCheck
  - RealReachability (1.1.9):
    - RealReachability/Connection (= 1.1.9)
    - RealReachability/Ping (= 1.1.9)
  - RealReachability/Connection (1.1.9)
  - RealReachability/Ping (1.1.9)
  - TableViewArray (0.1.6):
    - MutableArrayListener
  - TaskEnginer (0.0.5):
    - CircleReferenceCheck

DEPENDENCIES:
  - HappyUI (from `../`)

EXTERNAL SOURCES:
  HappyUI:
    :path: ../

SPEC CHECKSUMS:
  CCUIModel: b5e0e490caef73dd4e423f332b1ca850d6106368
  CircleReferenceCheck: 5ef0dbaff301108a523f845bf81dfa9a12a83024
  CollectionViewArray: 7d27b09462af7d14b1ff897ae137c2caae06a38c
  HappyUI: f2b5435aa133644f9a3744ca91d3cbf654b15f01
  MutableArrayListener: 80566460c0f35ffe89d76a90ebb33adf7f413182
  RealReachability: a8c483900986a0f3305733961effbfbb00637a02
  TableViewArray: 288501b4abc71efabb82ce2f4bb397f1c2fa25a9
  TaskEnginer: cebf4064d6314dfd03bb9f3a4972cf3a661e27dc

PODFILE CHECKSUM: f9fd9a6dda1907012fe99294bff73f565417acca

COCOAPODS: 1.4.0.rc.1
