PODS:
  - CCUIModel (0.0.8):
    - CircleReferenceCheck
  - CircleReferenceCheck (0.0.1)
  - CollectionViewArray (0.1.4):
    - CollectionViewArray/Category (= 0.1.4)
    - CollectionViewArray/CollectionViewArray (= 0.1.4)
  - CollectionViewArray/Category (0.1.4):
    - CCUIModel
  - CollectionViewArray/CollectionViewArray (0.1.4):
    - MutableArrayListener
  - HappyMVVM (0.2.1):
    - CCUIModel
    - CollectionViewArray
    - RealReachability
    - TableViewArray
    - TaskEnginer
  - MutableArrayListener (0.1.0):
    - CircleReferenceCheck
  - RealReachability (1.3.0):
    - RealReachability/Connection (= 1.3.0)
    - RealReachability/Ping (= 1.3.0)
  - RealReachability/Connection (1.3.0)
  - RealReachability/Ping (1.3.0)
  - TableViewArray (0.2.0):
    - TableViewArray/Category (= 0.2.0)
    - TableViewArray/TableViewArray (= 0.2.0)
  - TableViewArray/Category (0.2.0):
    - CCUIModel
  - TableViewArray/TableViewArray (0.2.0):
    - MutableArrayListener
  - TaskEnginer (0.0.8):
    - CircleReferenceCheck

DEPENDENCIES:
  - HappyMVVM (from `../`)

SPEC REPOS:
  https://github.com/cocoapods/specs.git:
    - CCUIModel
    - CircleReferenceCheck
    - CollectionViewArray
    - MutableArrayListener
    - RealReachability
    - TableViewArray
    - TaskEnginer

EXTERNAL SOURCES:
  HappyMVVM:
    :path: "../"

SPEC CHECKSUMS:
  CCUIModel: aed70150602c6376cb526660bce2d5830cfbb3cc
  CircleReferenceCheck: 5ef0dbaff301108a523f845bf81dfa9a12a83024
  CollectionViewArray: 34163f26d67406b962b5edd90ddf68614450f129
  HappyMVVM: c878c94cb62e5ecbd2c8662ab13430bb45e4f8c2
  MutableArrayListener: 80566460c0f35ffe89d76a90ebb33adf7f413182
  RealReachability: eae9c58d2db52fadd8e1cba4b5d4c028454fbc47
  TableViewArray: e835d039d665217e90271debef368e6493e1e0d9
  TaskEnginer: aaaf1d53e6ba9ff2b25ccacbc466957cc2ba5331

PODFILE CHECKSUM: 5bee9b079b60e631fe4d262f4b8eca223cdd62ec

COCOAPODS: 1.5.3
